
Microsoft Visual Studio Solution File, Format Version 12.00
# Visual Studio 15
VisualStudioVersion = 15.0.26430.14
MinimumVisualStudioVersion = 10.0.40219.1
Project("{8BC9CEB8-8B4A-11D0-8D11-00A0C91BC942}") = "prac", "prac\prac.vcxproj", "{F3A886E0-A5A6-46B4-8AF8-21E9AE5120AE}"
EndProject
Project("{8BC9CEB8-8B4A-11D0-8D11-00A0C91BC942}") = "prax", "prax\prax.vcxproj", "{EC089263-8EAD-47A9-987F-FAD88CCC4D88}"
EndProject
Project("{8BC9CEB8-8B4A-11D0-8D11-00A0C91BC942}") = "pracxpatch", "pracxpatch\pracxpatch.vcxproj", "{C0CE4E45-9733-428E-9E92-07AC6DF1EB9E}"
EndProject
Project("{2150E333-8FDC-42A3-9474-1A3956D46DE8}") = "Solution Items", "Solution Items", "{C4A39964-086D-465A-82F0-5C72204182B3}"
	ProjectSection(SolutionItems) = preProject
		shared\loader.cpp = shared\loader.cpp
		shared\loader.h = shared\loader.h
		loader\template.h = loader\template.h
	EndProjectSection
EndProject
Project("{8BC9CEB8-8B4A-11D0-8D11-00A0C91BC942}") = "loader", "loader\loader.vcxproj", "{087E044C-00AB-44C4-A4C7-A6692A3D3931}"
EndProject
Global
	GlobalSection(SolutionConfigurationPlatforms) = preSolution
		Debug|Win32 = Debug|Win32
		Debug|x64 = Debug|x64
		Release|Win32 = Release|Win32
		Release|x64 = Release|x64
	EndGlobalSection
	GlobalSection(ProjectConfigurationPlatforms) = postSolution
		{F3A886E0-A5A6-46B4-8AF8-21E9AE5120AE}.Debug|Win32.ActiveCfg = Debug|Win32
		{F3A886E0-A5A6-46B4-8AF8-21E9AE5120AE}.Debug|Win32.Build.0 = Debug|Win32
		{F3A886E0-A5A6-46B4-8AF8-21E9AE5120AE}.Debug|x64.ActiveCfg = Debug|Win32
		{F3A886E0-A5A6-46B4-8AF8-21E9AE5120AE}.Release|Win32.ActiveCfg = Release|Win32
		{F3A886E0-A5A6-46B4-8AF8-21E9AE5120AE}.Release|Win32.Build.0 = Release|Win32
		{F3A886E0-A5A6-46B4-8AF8-21E9AE5120AE}.Release|Win32.Deploy.0 = Release|Win32
		{F3A886E0-A5A6-46B4-8AF8-21E9AE5120AE}.Release|x64.ActiveCfg = Release|Win32
		{EC089263-8EAD-47A9-987F-FAD88CCC4D88}.Debug|Win32.ActiveCfg = Debug|Win32
		{EC089263-8EAD-47A9-987F-FAD88CCC4D88}.Debug|Win32.Build.0 = Debug|Win32
		{EC089263-8EAD-47A9-987F-FAD88CCC4D88}.Debug|x64.ActiveCfg = Debug|Win32
		{EC089263-8EAD-47A9-987F-FAD88CCC4D88}.Release|Win32.ActiveCfg = Release|Win32
		{EC089263-8EAD-47A9-987F-FAD88CCC4D88}.Release|Win32.Build.0 = Release|Win32
		{EC089263-8EAD-47A9-987F-FAD88CCC4D88}.Release|x64.ActiveCfg = Release|Win32
		{C0CE4E45-9733-428E-9E92-07AC6DF1EB9E}.Debug|Win32.ActiveCfg = Debug|Win32
		{C0CE4E45-9733-428E-9E92-07AC6DF1EB9E}.Debug|Win32.Build.0 = Debug|Win32
		{C0CE4E45-9733-428E-9E92-07AC6DF1EB9E}.Debug|x64.ActiveCfg = Debug|Win32
		{C0CE4E45-9733-428E-9E92-07AC6DF1EB9E}.Release|Win32.ActiveCfg = Release|Win32
		{C0CE4E45-9733-428E-9E92-07AC6DF1EB9E}.Release|Win32.Build.0 = Release|Win32
		{C0CE4E45-9733-428E-9E92-07AC6DF1EB9E}.Release|x64.ActiveCfg = Release|Win32
		{087E044C-00AB-44C4-A4C7-A6692A3D3931}.Debug|Win32.ActiveCfg = Debug|Win32
		{087E044C-00AB-44C4-A4C7-A6692A3D3931}.Debug|Win32.Build.0 = Debug|Win32
		{087E044C-00AB-44C4-A4C7-A6692A3D3931}.Debug|x64.ActiveCfg = Debug|x64
		{087E044C-00AB-44C4-A4C7-A6692A3D3931}.Debug|x64.Build.0 = Debug|x64
		{087E044C-00AB-44C4-A4C7-A6692A3D3931}.Release|Win32.ActiveCfg = Release|Win32
		{087E044C-00AB-44C4-A4C7-A6692A3D3931}.Release|Win32.Build.0 = Release|Win32
		{087E044C-00AB-44C4-A4C7-A6692A3D3931}.Release|x64.ActiveCfg = Release|x64
		{087E044C-00AB-44C4-A4C7-A6692A3D3931}.Release|x64.Build.0 = Release|x64
	EndGlobalSection
	GlobalSection(SolutionProperties) = preSolution
		HideSolutionNode = FALSE
	EndGlobalSection
EndGlobal
